
Microsoft Visual Studio Solution File, Format Version 12.00
# Visual Studio Version 17
VisualStudioVersion = 17.10.34928.147
MinimumVisualStudioVersion = 10.0.40219.1
Project("{FAE04EC0-301F-11D3-BF4B-00C04F79EFBC}") = "HappyJourney", "HappyJourney\HappyJourney.csproj", "{CDD34624-0A45-41EB-B28A-89020CE732EC}"
EndProject
Global
	GlobalSection(SolutionConfigurationPlatforms) = preSolution
		Debug|Any CPU = Debug|Any CPU
		Release|Any CPU = Release|Any CPU
	EndGlobalSection
	GlobalSection(ProjectConfigurationPlatforms) = postSolution
		{CDD34624-0A45-41EB-B28A-89020CE732EC}.Debug|Any CPU.ActiveCfg = Debug|Any CPU
		{CDD34624-0A45-41EB-B28A-89020CE732EC}.Debug|Any CPU.Build.0 = Debug|Any CPU
		{CDD34624-0A45-41EB-B28A-89020CE732EC}.Release|Any CPU.ActiveCfg = Release|Any CPU
		{CDD34624-0A45-41EB-B28A-89020CE732EC}.Release|Any CPU.Build.0 = Release|Any CPU
	EndGlobalSection
	GlobalSection(SolutionProperties) = preSolution
		HideSolutionNode = FALSE
	EndGlobalSection
	GlobalSection(ExtensibilityGlobals) = postSolution
		SolutionGuid = {69674C8B-356F-4934-B0EE-F1F011055751}
	EndGlobalSection
EndGlobal
